{
  "nodes": {
    "core": {
      "inputs": {
        "nixpkgs": "nixpkgs"
      },
      "locked": {
        "path": "../core-packages",
        "type": "path"
      },
      "original": {
        "path": "../core-packages",
        "type": "path"
      },
      "parent": []
    },
    "nixpkgs": {
      "locked": {
        "lastModified": 1763435664,
        "narHash": "sha256-iauLTpGaVaJiq4h1h058pA6MD0MsAZa0LflSfXo2rc8=",
        "owner": "NixOS",
        "repo": "nixpkgs",
        "rev": "0ade817efdde79cbc46b624c849027335ebc25c5",
        "type": "github"
      },
      "original": {
        "owner": "NixOS",
        "ref": "nixpkgs-unstable",
        "repo": "nixpkgs",
        "type": "github"
      }
    },
    "nixpkgs_2": {
      "locked": {
        "lastModified": 1763421233,
        "narHash": "sha256-Stk9ZYRkGrnnpyJ4eqt9eQtdFWRRIvMxpNRf4sIegnw=",
        "rev": "89c2b2330e733d6cdb5eae7b899326930c2c0648",
        "revCount": 897910,
        "type": "tarball",
        "url": "https://api.flakehub.com/f/pinned/NixOS/nixpkgs/0.1.897910%2Brev-89c2b2330e733d6cdb5eae7b899326930c2c0648/019a9888-31f2-7667-abe4-5a1c43721ef0/source.tar.gz"
      },
      "original": {
        "type": "tarball",
        "url": "https://flakehub.com/f/NixOS/nixpkgs/0.1"
      }
    },
    "root": {
      "inputs": {
        "core": "core",
        "nixpkgs": "nixpkgs_2"
      }
    }
  },
  "root": "root",
  "version": 7
}
