{
  "nodes": {
    "core": {
      "inputs": {
        "nixpkgs": "nixpkgs"
      },
      "locked": {
        "path": "../core-packages",
        "type": "path"
      },
      "original": {
        "path": "../core-packages",
        "type": "path"
      },
      "parent": []
    },
    "nixpkgs": {
      "locked": {
        "lastModified": 1763435664,
        "narHash": "sha256-iauLTpGaVaJiq4h1h058pA6MD0MsAZa0LflSfXo2rc8=",
        "owner": "NixOS",
        "repo": "nixpkgs",
        "rev": "0ade817efdde79cbc46b624c849027335ebc25c5",
        "type": "github"
      },
      "original": {
        "owner": "NixOS",
        "ref": "nixpkgs-unstable",
        "repo": "nixpkgs",
        "type": "github"
      }
    },
    "nixpkgs_2": {
      "locked": {
        "lastModified": 1766070988,
        "narHash": "sha256-G/WVghka6c4bAzMhTwT2vjLccg/awmHkdKSd2JrycLc=",
        "rev": "c6245e83d836d0433170a16eb185cefe0572f8b8",
        "revCount": 913595,
        "type": "tarball",
        "url": "https://api.flakehub.com/f/pinned/NixOS/nixpkgs/0.1.913595%2Brev-c6245e83d836d0433170a16eb185cefe0572f8b8/019b38ed-77a4-7329-b290-49e4d1914b8c/source.tar.gz"
      },
      "original": {
        "type": "tarball",
        "url": "https://flakehub.com/f/NixOS/nixpkgs/0.1"
      }
    },
    "root": {
      "inputs": {
        "core": "core",
        "nixpkgs": "nixpkgs_2"
      }
    }
  },
  "root": "root",
  "version": 7
}
